
Microsoft Visual Studio Solution File, Format Version 12.00
Project("{FAE04EC0-301F-11D3-BF4B-00C04F79EFBC}") = "Aihr.Calculator.Api", "Aihr.Calculator.Api\Aihr.Calculator.Api.csproj", "{68C9107A-E612-4376-ABA2-D52AE2839DDC}"
EndProject
Project("{2150E333-8FDC-42A3-9474-1A3956D46DE8}") = "Solution Items", "Solution Items", "{9304D5DD-44FE-409D-BD1C-B2D57150D374}"
	ProjectSection(SolutionItems) = preProject
		docker-compose.yml = docker-compose.yml
	EndProjectSection
EndProject
Project("{2150E333-8FDC-42A3-9474-1A3956D46DE8}") = "tests", "tests", "{777D81BD-5F75-4718-B35E-45CA9641AD1B}"
EndProject
Project("{FAE04EC0-301F-11D3-BF4B-00C04F79EFBC}") = "Aihr.Calculator.Api.IntegrationTests", "Aihr.Calculator.Api.IntegrationTests\Aihr.Calculator.Api.IntegrationTests.csproj", "{48EE2C04-9196-4615-96E0-821F690D1792}"
EndProject
Project("{FAE04EC0-301F-11D3-BF4B-00C04F79EFBC}") = "Aihr.Calculator.Common", "Aihr.Calculator.Common\Aihr.Calculator.Common.csproj", "{F9753868-758C-495F-99E8-F37793A6CE09}"
EndProject
Project("{FAE04EC0-301F-11D3-BF4B-00C04F79EFBC}") = "Aihr.Calculator.Api.Tests.Common", "Aihr.Calculator.Api.Tests.Common\Aihr.Calculator.Api.Tests.Common.csproj", "{AA8ED1AB-CA2B-4B97-AAB7-2A570AD4E309}"
EndProject
Project("{FAE04EC0-301F-11D3-BF4B-00C04F79EFBC}") = "Aihr.Calculator.Api.UnitTests", "Aihr.Calculator.Api.UnitTests\Aihr.Calculator.Api.UnitTests.csproj", "{15D86924-423A-4144-9D4A-B6F490609265}"
EndProject
Global
	GlobalSection(SolutionConfigurationPlatforms) = preSolution
		Debug|Any CPU = Debug|Any CPU
		Release|Any CPU = Release|Any CPU
	EndGlobalSection
	GlobalSection(ProjectConfigurationPlatforms) = postSolution
		{68C9107A-E612-4376-ABA2-D52AE2839DDC}.Debug|Any CPU.ActiveCfg = Debug|Any CPU
		{68C9107A-E612-4376-ABA2-D52AE2839DDC}.Debug|Any CPU.Build.0 = Debug|Any CPU
		{68C9107A-E612-4376-ABA2-D52AE2839DDC}.Release|Any CPU.ActiveCfg = Release|Any CPU
		{68C9107A-E612-4376-ABA2-D52AE2839DDC}.Release|Any CPU.Build.0 = Release|Any CPU
		{48EE2C04-9196-4615-96E0-821F690D1792}.Debug|Any CPU.ActiveCfg = Debug|Any CPU
		{48EE2C04-9196-4615-96E0-821F690D1792}.Debug|Any CPU.Build.0 = Debug|Any CPU
		{48EE2C04-9196-4615-96E0-821F690D1792}.Release|Any CPU.ActiveCfg = Release|Any CPU
		{48EE2C04-9196-4615-96E0-821F690D1792}.Release|Any CPU.Build.0 = Release|Any CPU
		{F9753868-758C-495F-99E8-F37793A6CE09}.Debug|Any CPU.ActiveCfg = Debug|Any CPU
		{F9753868-758C-495F-99E8-F37793A6CE09}.Debug|Any CPU.Build.0 = Debug|Any CPU
		{F9753868-758C-495F-99E8-F37793A6CE09}.Release|Any CPU.ActiveCfg = Release|Any CPU
		{F9753868-758C-495F-99E8-F37793A6CE09}.Release|Any CPU.Build.0 = Release|Any CPU
		{AA8ED1AB-CA2B-4B97-AAB7-2A570AD4E309}.Debug|Any CPU.ActiveCfg = Debug|Any CPU
		{AA8ED1AB-CA2B-4B97-AAB7-2A570AD4E309}.Debug|Any CPU.Build.0 = Debug|Any CPU
		{AA8ED1AB-CA2B-4B97-AAB7-2A570AD4E309}.Release|Any CPU.ActiveCfg = Release|Any CPU
		{AA8ED1AB-CA2B-4B97-AAB7-2A570AD4E309}.Release|Any CPU.Build.0 = Release|Any CPU
		{15D86924-423A-4144-9D4A-B6F490609265}.Debug|Any CPU.ActiveCfg = Debug|Any CPU
		{15D86924-423A-4144-9D4A-B6F490609265}.Debug|Any CPU.Build.0 = Debug|Any CPU
		{15D86924-423A-4144-9D4A-B6F490609265}.Release|Any CPU.ActiveCfg = Release|Any CPU
		{15D86924-423A-4144-9D4A-B6F490609265}.Release|Any CPU.Build.0 = Release|Any CPU
	EndGlobalSection
	GlobalSection(NestedProjects) = preSolution
		{48EE2C04-9196-4615-96E0-821F690D1792} = {777D81BD-5F75-4718-B35E-45CA9641AD1B}
		{AA8ED1AB-CA2B-4B97-AAB7-2A570AD4E309} = {777D81BD-5F75-4718-B35E-45CA9641AD1B}
		{15D86924-423A-4144-9D4A-B6F490609265} = {777D81BD-5F75-4718-B35E-45CA9641AD1B}
	EndGlobalSection
EndGlobal
